
Microsoft Visual Studio Solution File, Format Version 12.00
# Visual Studio Version 16
VisualStudioVersion = 16.0.31112.23
MinimumVisualStudioVersion = 10.0.40219.1
Project("{FAE04EC0-301F-11D3-BF4B-00C04F79EFBC}") = "Ex03.GarageLogic", "Ex03.GarageLogic\Ex03.GarageLogic.csproj", "{FCAC017B-E2FE-4E40-BE69-860976588B7E}"
EndProject
Project("{FAE04EC0-301F-11D3-BF4B-00C04F79EFBC}") = "Ex03.ConsoleUI", "Ex03.ConsoleUI\Ex03.ConsoleUI.csproj", "{74095A98-3CC2-41BC-939E-ACEFF46374E6}"
EndProject
Global
	GlobalSection(SolutionConfigurationPlatforms) = preSolution
		Debug|Any CPU = Debug|Any CPU
		Release|Any CPU = Release|Any CPU
	EndGlobalSection
	GlobalSection(ProjectConfigurationPlatforms) = postSolution
		{FCAC017B-E2FE-4E40-BE69-860976588B7E}.Debug|Any CPU.ActiveCfg = Debug|Any CPU
		{FCAC017B-E2FE-4E40-BE69-860976588B7E}.Debug|Any CPU.Build.0 = Debug|Any CPU
		{FCAC017B-E2FE-4E40-BE69-860976588B7E}.Release|Any CPU.ActiveCfg = Release|Any CPU
		{FCAC017B-E2FE-4E40-BE69-860976588B7E}.Release|Any CPU.Build.0 = Release|Any CPU
		{74095A98-3CC2-41BC-939E-ACEFF46374E6}.Debug|Any CPU.ActiveCfg = Debug|Any CPU
		{74095A98-3CC2-41BC-939E-ACEFF46374E6}.Debug|Any CPU.Build.0 = Debug|Any CPU
		{74095A98-3CC2-41BC-939E-ACEFF46374E6}.Release|Any CPU.ActiveCfg = Release|Any CPU
		{74095A98-3CC2-41BC-939E-ACEFF46374E6}.Release|Any CPU.Build.0 = Release|Any CPU
	EndGlobalSection
	GlobalSection(SolutionProperties) = preSolution
		HideSolutionNode = FALSE
	EndGlobalSection
	GlobalSection(ExtensibilityGlobals) = postSolution
		SolutionGuid = {53374CA8-4E98-4202-8707-B3F52E6E54BC}
	EndGlobalSection
EndGlobal
